
Microsoft Visual Studio Solution File, Format Version 12.00
# Visual Studio Version 16
VisualStudioVersion = 16.0.31019.35
MinimumVisualStudioVersion = 10.0.40219.1
Project("{FAE04EC0-301F-11D3-BF4B-00C04F79EFBC}") = "Zmeika", "Zmeika.csproj", "{3FB55E8D-E238-480C-8CF7-F299F119C02F}"
EndProject
Global
	GlobalSection(SolutionConfigurationPlatforms) = preSolution
		Debug|Any CPU = Debug|Any CPU
		Release|Any CPU = Release|Any CPU
	EndGlobalSection
	GlobalSection(ProjectConfigurationPlatforms) = postSolution
		{3FB55E8D-E238-480C-8CF7-F299F119C02F}.Debug|Any CPU.ActiveCfg = Debug|Any CPU
		{3FB55E8D-E238-480C-8CF7-F299F119C02F}.Debug|Any CPU.Build.0 = Debug|Any CPU
		{3FB55E8D-E238-480C-8CF7-F299F119C02F}.Release|Any CPU.ActiveCfg = Release|Any CPU
		{3FB55E8D-E238-480C-8CF7-F299F119C02F}.Release|Any CPU.Build.0 = Release|Any CPU
	EndGlobalSection
	GlobalSection(SolutionProperties) = preSolution
		HideSolutionNode = FALSE
	EndGlobalSection
	GlobalSection(ExtensibilityGlobals) = postSolution
		SolutionGuid = {FF71C068-5561-4BE1-91B3-86CE84A81931}
	EndGlobalSection
EndGlobal
